# THIS IS AN AUTOGENERATED FILE. DO NOT EDIT THIS FILE DIRECTLY.
# yarn lockfile v1


"@angular/compiler@^2.4.1":
  version "2.4.1"
  resolved "https://registry.yarnpkg.com/@angular/compiler/-/compiler-2.4.1.tgz#62b4fbfc53c934bd5def78db594cbf245b3f446a"

"@angular/core@^2.4.1":
  version "2.4.1"
  resolved "https://registry.yarnpkg.com/@angular/core/-/core-2.4.1.tgz#3a6d2dc7fd86fdebe4febae7eb28abad7d04c76a"
